
Microsoft Visual Studio Solution File, Format Version 12.00
# Visual Studio 2012
Project("{FAE04EC0-301F-11D3-BF4B-00C04F79EFBC}") = "csaweb", "csaweb\csaweb.csproj", "{9409E938-6ED4-4C5E-8863-A94CAA550760}"
EndProject
Global
	GlobalSection(SolutionConfigurationPlatforms) = preSolution
		Debug|Any CPU = Debug|Any CPU
		Release|Any CPU = Release|Any CPU
	EndGlobalSection
	GlobalSection(ProjectConfigurationPlatforms) = postSolution
		{9409E938-6ED4-4C5E-8863-A94CAA550760}.Debug|Any CPU.ActiveCfg = Debug|Any CPU
		{9409E938-6ED4-4C5E-8863-A94CAA550760}.Debug|Any CPU.Build.0 = Debug|Any CPU
		{9409E938-6ED4-4C5E-8863-A94CAA550760}.Release|Any CPU.ActiveCfg = Release|Any CPU
		{9409E938-6ED4-4C5E-8863-A94CAA550760}.Release|Any CPU.Build.0 = Release|Any CPU
	EndGlobalSection
EndGlobal
